PODS:
  - Alamofire (4.4.0)
  - CryptoSwift (0.6.8)
  - RKDropdownAlert (0.3.0)
  - SDWebImage (4.0.0):
    - SDWebImage/Core (= 4.0.0)
  - SDWebImage/Core (4.0.0)

DEPENDENCIES:
  - Alamofire
  - CryptoSwift
  - RKDropdownAlert
  - SDWebImage

SPEC CHECKSUMS:
  Alamofire: dc44b1600b800eb63da6a19039a0083d62a6a62d
  CryptoSwift: f21ea03ed3a94e79d241648ce26652cd4810508a
  RKDropdownAlert: f4b3364c251829ad439dc666836a1f2dad26f4c7
  SDWebImage: 76a6348bdc74eb5a55dd08a091ef298e56b55e41

PODFILE CHECKSUM: 290e958049318b3ba7f76131d93799e497c3df43

COCOAPODS: 1.2.0
